
Microsoft Visual Studio Solution File, Format Version 12.00
# Visual Studio Version 16
VisualStudioVersion = 16.0.30503.244
MinimumVisualStudioVersion = 10.0.40219.1
Project("{9A19103F-16F7-4668-BE54-9A1E7A4F7556}") = "assist-purchase", "assist-purchase\assist-purchase.csproj", "{08BDB330-D9D0-4964-9C92-9A31F3CCBCD1}"
EndProject
Project("{9A19103F-16F7-4668-BE54-9A1E7A4F7556}") = "assist-purchase.Test", "assist-purchase.Test\assist-purchase.Test.csproj", "{061A1D33-F1CD-48D0-B9A7-55DAE7133977}"
EndProject
Global
	GlobalSection(SolutionConfigurationPlatforms) = preSolution
		Debug|Any CPU = Debug|Any CPU
		Release|Any CPU = Release|Any CPU
	EndGlobalSection
	GlobalSection(ProjectConfigurationPlatforms) = postSolution
		{08BDB330-D9D0-4964-9C92-9A31F3CCBCD1}.Debug|Any CPU.ActiveCfg = Debug|Any CPU
		{08BDB330-D9D0-4964-9C92-9A31F3CCBCD1}.Debug|Any CPU.Build.0 = Debug|Any CPU
		{08BDB330-D9D0-4964-9C92-9A31F3CCBCD1}.Release|Any CPU.ActiveCfg = Release|Any CPU
		{08BDB330-D9D0-4964-9C92-9A31F3CCBCD1}.Release|Any CPU.Build.0 = Release|Any CPU
		{061A1D33-F1CD-48D0-B9A7-55DAE7133977}.Debug|Any CPU.ActiveCfg = Debug|Any CPU
		{061A1D33-F1CD-48D0-B9A7-55DAE7133977}.Debug|Any CPU.Build.0 = Debug|Any CPU
		{061A1D33-F1CD-48D0-B9A7-55DAE7133977}.Release|Any CPU.ActiveCfg = Release|Any CPU
		{061A1D33-F1CD-48D0-B9A7-55DAE7133977}.Release|Any CPU.Build.0 = Release|Any CPU
	EndGlobalSection
	GlobalSection(SolutionProperties) = preSolution
		HideSolutionNode = FALSE
	EndGlobalSection
	GlobalSection(ExtensibilityGlobals) = postSolution
		SolutionGuid = {3F2DCA8D-6F3D-49ED-9DF5-DA10F8240EF6}
	EndGlobalSection
EndGlobal
